
Microsoft Visual Studio Solution File, Format Version 12.00
# Visual Studio 15
VisualStudioVersion = 15.0.28307.136
MinimumVisualStudioVersion = 10.0.40219.1
Project("{888888A0-9F3D-457C-B088-3A5042F75D52}") = "pandas_SQLalchelmy_pyodbc", "pandas_SQLalchelmy_pyodbc\pandas_SQLalchelmy_pyodbc.pyproj", "{D1451797-CF37-42DE-A59E-F4417346BDA5}"
EndProject
Global
	GlobalSection(SolutionConfigurationPlatforms) = preSolution
		Debug|Any CPU = Debug|Any CPU
		Release|Any CPU = Release|Any CPU
	EndGlobalSection
	GlobalSection(ProjectConfigurationPlatforms) = postSolution
		{D1451797-CF37-42DE-A59E-F4417346BDA5}.Debug|Any CPU.ActiveCfg = Debug|Any CPU
		{D1451797-CF37-42DE-A59E-F4417346BDA5}.Release|Any CPU.ActiveCfg = Release|Any CPU
	EndGlobalSection
	GlobalSection(SolutionProperties) = preSolution
		HideSolutionNode = FALSE
	EndGlobalSection
	GlobalSection(ExtensibilityGlobals) = postSolution
		SolutionGuid = {67F316A8-380C-44CD-97F8-C061E175593B}
	EndGlobalSection
EndGlobal
